// !$*UTF8*$!
{
	archiveVersion = 1;
	classes = {
	};
	objectVersion = 48;
	objects = {

/* Begin PBXBuildFile section */
		140940CA2089D22600722532 /* UIViewController+Helper.swift in Sources */ = {isa = PBXBuildFile; fileRef = 140940C92089D22600722532 /* UIViewController+Helper.swift */; };
		140940CC2089D2FD00722532 /* CreateEmployeeController.swift in Sources */ = {isa = PBXBuildFile; fileRef = 140940CB2089D2FD00722532 /* CreateEmployeeController.swift */; };
		140ED5A220899187008DE919 /* CompaniesController+createCompany.swift in Sources */ = {isa = PBXBuildFile; fileRef = 140ED5A120899186008DE919 /* CompaniesController+createCompany.swift */; };
		140ED5A420899244008DE919 /* CompaniesController+UITableView.swift in Sources */ = {isa = PBXBuildFile; fileRef = 140ED5A320899244008DE919 /* CompaniesController+UITableView.swift */; };
		142B60C120805B3900004E70 /* CoreDataManager.swift in Sources */ = {isa = PBXBuildFile; fileRef = 142B60C020805B3900004E70 /* CoreDataManager.swift */; };
		142F15E920A1555F004311AD /* CompaniesAutoUpdateController.swift in Sources */ = {isa = PBXBuildFile; fileRef = 142F15E820A1555F004311AD /* CompaniesAutoUpdateController.swift */; };
		1467D37C2089D0380096E73B /* EmployeesController.swift in Sources */ = {isa = PBXBuildFile; fileRef = 1467D37B2089D0380096E73B /* EmployeesController.swift */; };
		1492BD1D20A2A02700C13DCF /* Service.swift in Sources */ = {isa = PBXBuildFile; fileRef = 1492BD1C20A2A02700C13DCF /* Service.swift */; };
		1495BFD3206F2D0B00F72BC3 /* CreateCompanyController.swift in Sources */ = {isa = PBXBuildFile; fileRef = 1495BFD2206F2D0B00F72BC3 /* CreateCompanyController.swift */; };
		1495BFD6206F397000F72BC3 /* DataModel.xcdatamodeld in Sources */ = {isa = PBXBuildFile; fileRef = 1495BFD4206F397000F72BC3 /* DataModel.xcdatamodeld */; };
		14D6B24D206C8FF80045D08F /* AppDelegate.swift in Sources */ = {isa = PBXBuildFile; fileRef = 14D6B24C206C8FF80045D08F /* AppDelegate.swift */; };
		14D6B24F206C8FF80045D08F /* ComapniesController.swift in Sources */ = {isa = PBXBuildFile; fileRef = 14D6B24E206C8FF80045D08F /* ComapniesController.swift */; };
		14D6B252206C8FF80045D08F /* Main.storyboard in Resources */ = {isa = PBXBuildFile; fileRef = 14D6B250206C8FF80045D08F /* Main.storyboard */; };
		14D6B254206C8FF80045D08F /* Assets.xcassets in Resources */ = {isa = PBXBuildFile; fileRef = 14D6B253206C8FF80045D08F /* Assets.xcassets */; };
		14D6B257206C8FF90045D08F /* LaunchScreen.storyboard in Resources */ = {isa = PBXBuildFile; fileRef = 14D6B255206C8FF90045D08F /* LaunchScreen.storyboard */; };
		14D6B25F206C99120045D08F /* CompanyCell.swift in Sources */ = {isa = PBXBuildFile; fileRef = 14D6B25E206C99110045D08F /* CompanyCell.swift */; };
		14D6B261206C99EF0045D08F /* UIColor+theme.swift in Sources */ = {isa = PBXBuildFile; fileRef = 14D6B260206C99EF0045D08F /* UIColor+theme.swift */; };
		14D6B263206C9D130045D08F /* Company.swift in Sources */ = {isa = PBXBuildFile; fileRef = 14D6B262206C9D130045D08F /* Company.swift */; };
		14F91C562091B6B300B191DF /* EmployeeType.swift in Sources */ = {isa = PBXBuildFile; fileRef = 14F91C552091B6B300B191DF /* EmployeeType.swift */; };
/* End PBXBuildFile section */

/* Begin PBXFileReference section */
		140940C92089D22600722532 /* UIViewController+Helper.swift */ = {isa = PBXFileReference; lastKnownFileType = sourcecode.swift; path = "UIViewController+Helper.swift"; sourceTree = "<group>"; };
		140940CB2089D2FD00722532 /* CreateEmployeeController.swift */ = {isa = PBXFileReference; lastKnownFileType = sourcecode.swift; path = CreateEmployeeController.swift; sourceTree = "<group>"; };
		140ED5A120899186008DE919 /* CompaniesController+createCompany.swift */ = {isa = PBXFileReference; lastKnownFileType = sourcecode.swift; path = "CompaniesController+createCompany.swift"; sourceTree = "<group>"; };
		140ED5A320899244008DE919 /* CompaniesController+UITableView.swift */ = {isa = PBXFileReference; lastKnownFileType = sourcecode.swift; path = "CompaniesController+UITableView.swift"; sourceTree = "<group>"; };
		142B60C020805B3900004E70 /* CoreDataManager.swift */ = {isa = PBXFileReference; lastKnownFileType = sourcecode.swift; path = CoreDataManager.swift; sourceTree = "<group>"; };
		142F15E820A1555F004311AD /* CompaniesAutoUpdateController.swift */ = {isa = PBXFileReference; lastKnownFileType = sourcecode.swift; path = CompaniesAutoUpdateController.swift; sourceTree = "<group>"; };
		1467D37B2089D0380096E73B /* EmployeesController.swift */ = {isa = PBXFileReference; lastKnownFileType = sourcecode.swift; path = EmployeesController.swift; sourceTree = "<group>"; };
		1492BD1C20A2A02700C13DCF /* Service.swift */ = {isa = PBXFileReference; lastKnownFileType = sourcecode.swift; path = Service.swift; sourceTree = "<group>"; };
		1495BFD2206F2D0B00F72BC3 /* CreateCompanyController.swift */ = {isa = PBXFileReference; lastKnownFileType = sourcecode.swift; path = CreateCompanyController.swift; sourceTree = "<group>"; };
		1495BFD5206F397000F72BC3 /* DataModel.xcdatamodel */ = {isa = PBXFileReference; lastKnownFileType = wrapper.xcdatamodel; path = DataModel.xcdatamodel; sourceTree = "<group>"; };
		14D6B249206C8FF80045D08F /* CoreDataCompanies.app */ = {isa = PBXFileReference; explicitFileType = wrapper.application; includeInIndex = 0; path = CoreDataCompanies.app; sourceTree = BUILT_PRODUCTS_DIR; };
		14D6B24C206C8FF80045D08F /* AppDelegate.swift */ = {isa = PBXFileReference; lastKnownFileType = sourcecode.swift; path = AppDelegate.swift; sourceTree = "<group>"; };
		14D6B24E206C8FF80045D08F /* ComapniesController.swift */ = {isa = PBXFileReference; lastKnownFileType = sourcecode.swift; path = ComapniesController.swift; sourceTree = "<group>"; };
		14D6B251206C8FF80045D08F /* Base */ = {isa = PBXFileReference; lastKnownFileType = file.storyboard; name = Base; path = Base.lproj/Main.storyboard; sourceTree = "<group>"; };
		14D6B253206C8FF80045D08F /* Assets.xcassets */ = {isa = PBXFileReference; lastKnownFileType = folder.assetcatalog; path = Assets.xcassets; sourceTree = "<group>"; };
		14D6B256206C8FF90045D08F /* Base */ = {isa = PBXFileReference; lastKnownFileType = file.storyboard; name = Base; path = Base.lproj/LaunchScreen.storyboard; sourceTree = "<group>"; };
		14D6B258206C8FF90045D08F /* Info.plist */ = {isa = PBXFileReference; lastKnownFileType = text.plist.xml; path = Info.plist; sourceTree = "<group>"; };
		14D6B25E206C99110045D08F /* CompanyCell.swift */ = {isa = PBXFileReference; lastKnownFileType = sourcecode.swift; path = CompanyCell.swift; sourceTree = "<group>"; };
		14D6B260206C99EF0045D08F /* UIColor+theme.swift */ = {isa = PBXFileReference; lastKnownFileType = sourcecode.swift; path = "UIColor+theme.swift"; sourceTree = "<group>"; };
		14D6B262206C9D130045D08F /* Company.swift */ = {isa = PBXFileReference; lastKnownFileType = sourcecode.swift; path = Company.swift; sourceTree = "<group>"; };
		14F91C552091B6B300B191DF /* EmployeeType.swift */ = {isa = PBXFileReference; lastKnownFileType = sourcecode.swift; path = EmployeeType.swift; sourceTree = "<group>"; };
/* End PBXFileReference section */

/* Begin PBXFrameworksBuildPhase section */
		14D6B246206C8FF80045D08F /* Frameworks */ = {
			isa = PBXFrameworksBuildPhase;
			buildActionMask = 2147483647;
			files = (
			);
			runOnlyForDeploymentPostprocessing = 0;
		};
/* End PBXFrameworksBuildPhase section */

/* Begin PBXGroup section */
		140940C82089D20E00722532 /* Helper */ = {
			isa = PBXGroup;
			children = (
				140940C92089D22600722532 /* UIViewController+Helper.swift */,
				14D6B260206C99EF0045D08F /* UIColor+theme.swift */,
			);
			path = Helper;
			sourceTree = "<group>";
		};
		140ED5A020898BC5008DE919 /* Company */ = {
			isa = PBXGroup;
			children = (
				146FC11D208C198E00532683 /* Employees */,
				14D6B24E206C8FF80045D08F /* ComapniesController.swift */,
				14D6B25E206C99110045D08F /* CompanyCell.swift */,
				140ED5A120899186008DE919 /* CompaniesController+createCompany.swift */,
				140ED5A320899244008DE919 /* CompaniesController+UITableView.swift */,
				1495BFD2206F2D0B00F72BC3 /* CreateCompanyController.swift */,
				142F15E820A1555F004311AD /* CompaniesAutoUpdateController.swift */,
				1492BD1C20A2A02700C13DCF /* Service.swift */,
			);
			path = Company;
			sourceTree = "<group>";
		};
		146FC11D208C198E00532683 /* Employees */ = {
			isa = PBXGroup;
			children = (
				140940CB2089D2FD00722532 /* CreateEmployeeController.swift */,
				1467D37B2089D0380096E73B /* EmployeesController.swift */,
				14F91C552091B6B300B191DF /* EmployeeType.swift */,
			);
			path = Employees;
			sourceTree = "<group>";
		};
		14D6B240206C8FF80045D08F = {
			isa = PBXGroup;
			children = (
				14D6B24B206C8FF80045D08F /* CoreDataCompanies */,
				14D6B24A206C8FF80045D08F /* Products */,
			);
			sourceTree = "<group>";
		};
		14D6B24A206C8FF80045D08F /* Products */ = {
			isa = PBXGroup;
			children = (
				14D6B249206C8FF80045D08F /* CoreDataCompanies.app */,
			);
			name = Products;
			sourceTree = "<group>";
		};
		14D6B24B206C8FF80045D08F /* CoreDataCompanies */ = {
			isa = PBXGroup;
			children = (
				140940C82089D20E00722532 /* Helper */,
				140ED5A020898BC5008DE919 /* Company */,
				142B60C020805B3900004E70 /* CoreDataManager.swift */,
				14D6B24C206C8FF80045D08F /* AppDelegate.swift */,
				14D6B250206C8FF80045D08F /* Main.storyboard */,
				14D6B253206C8FF80045D08F /* Assets.xcassets */,
				14D6B255206C8FF90045D08F /* LaunchScreen.storyboard */,
				14D6B258206C8FF90045D08F /* Info.plist */,
				14D6B262206C9D130045D08F /* Company.swift */,
				1495BFD4206F397000F72BC3 /* DataModel.xcdatamodeld */,
			);
			path = CoreDataCompanies;
			sourceTree = "<group>";
		};
/* End PBXGroup section */

/* Begin PBXNativeTarget section */
		14D6B248206C8FF80045D08F /* CoreDataCompanies */ = {
			isa = PBXNativeTarget;
			buildConfigurationList = 14D6B25B206C8FF90045D08F /* Build configuration list for PBXNativeTarget "CoreDataCompanies" */;
			buildPhases = (
				14D6B245206C8FF80045D08F /* Sources */,
				14D6B246206C8FF80045D08F /* Frameworks */,
				14D6B247206C8FF80045D08F /* Resources */,
			);
			buildRules = (
			);
			dependencies = (
			);
			name = CoreDataCompanies;
			productName = CoreDataCompanies;
			productReference = 14D6B249206C8FF80045D08F /* CoreDataCompanies.app */;
			productType = "com.apple.product-type.application";
		};
/* End PBXNativeTarget section */

/* Begin PBXProject section */
		14D6B241206C8FF80045D08F /* Project object */ = {
			isa = PBXProject;
			attributes = {
				LastSwiftUpdateCheck = 0920;
				LastUpgradeCheck = 0920;
				ORGANIZATIONNAME = SEAN;
				TargetAttributes = {
					14D6B248206C8FF80045D08F = {
						CreatedOnToolsVersion = 9.2;
						ProvisioningStyle = Automatic;
					};
				};
			};
			buildConfigurationList = 14D6B244206C8FF80045D08F /* Build configuration list for PBXProject "CoreDataCompanies" */;
			compatibilityVersion = "Xcode 8.0";
			developmentRegion = en;
			hasScannedForEncodings = 0;
			knownRegions = (
				en,
				Base,
			);
			mainGroup = 14D6B240206C8FF80045D08F;
			productRefGroup = 14D6B24A206C8FF80045D08F /* Products */;
			projectDirPath = "";
			projectRoot = "";
			targets = (
				14D6B248206C8FF80045D08F /* CoreDataCompanies */,
			);
		};
/* End PBXProject section */

/* Begin PBXResourcesBuildPhase section */
		14D6B247206C8FF80045D08F /* Resources */ = {
			isa = PBXResourcesBuildPhase;
			buildActionMask = 2147483647;
			files = (
				14D6B257206C8FF90045D08F /* LaunchScreen.storyboard in Resources */,
				14D6B254206C8FF80045D08F /* Assets.xcassets in Resources */,
				14D6B252206C8FF80045D08F /* Main.storyboard in Resources */,
			);
			runOnlyForDeploymentPostprocessing = 0;
		};
/* End PBXResourcesBuildPhase section */

/* Begin PBXSourcesBuildPhase section */
		14D6B245206C8FF80045D08F /* Sources */ = {
			isa = PBXSourcesBuildPhase;
			buildActionMask = 2147483647;
			files = (
				14D6B24F206C8FF80045D08F /* ComapniesController.swift in Sources */,
				14D6B261206C99EF0045D08F /* UIColor+theme.swift in Sources */,
				14D6B25F206C99120045D08F /* CompanyCell.swift in Sources */,
				1495BFD6206F397000F72BC3 /* DataModel.xcdatamodeld in Sources */,
				140940CA2089D22600722532 /* UIViewController+Helper.swift in Sources */,
				14D6B263206C9D130045D08F /* Company.swift in Sources */,
				140ED5A420899244008DE919 /* CompaniesController+UITableView.swift in Sources */,
				14F91C562091B6B300B191DF /* EmployeeType.swift in Sources */,
				140940CC2089D2FD00722532 /* CreateEmployeeController.swift in Sources */,
				1492BD1D20A2A02700C13DCF /* Service.swift in Sources */,
				1467D37C2089D0380096E73B /* EmployeesController.swift in Sources */,
				14D6B24D206C8FF80045D08F /* AppDelegate.swift in Sources */,
				142F15E920A1555F004311AD /* CompaniesAutoUpdateController.swift in Sources */,
				142B60C120805B3900004E70 /* CoreDataManager.swift in Sources */,
				1495BFD3206F2D0B00F72BC3 /* CreateCompanyController.swift in Sources */,
				140ED5A220899187008DE919 /* CompaniesController+createCompany.swift in Sources */,
			);
			runOnlyForDeploymentPostprocessing = 0;
		};
/* End PBXSourcesBuildPhase section */

/* Begin PBXVariantGroup section */
		14D6B250206C8FF80045D08F /* Main.storyboard */ = {
			isa = PBXVariantGroup;
			children = (
				14D6B251206C8FF80045D08F /* Base */,
			);
			name = Main.storyboard;
			sourceTree = "<group>";
		};
		14D6B255206C8FF90045D08F /* LaunchScreen.storyboard */ = {
			isa = PBXVariantGroup;
			children = (
				14D6B256206C8FF90045D08F /* Base */,
			);
			name = LaunchScreen.storyboard;
			sourceTree = "<group>";
		};
/* End PBXVariantGroup section */

/* Begin XCBuildConfiguration section */
		14D6B259206C8FF90045D08F /* Debug */ = {
			isa = XCBuildConfiguration;
			buildSettings = {
				ALWAYS_SEARCH_USER_PATHS = NO;
				CLANG_ANALYZER_NONNULL = YES;
				CLANG_ANALYZER_NUMBER_OBJECT_CONVERSION = YES_AGGRESSIVE;
				CLANG_CXX_LANGUAGE_STANDARD = "gnu++14";
				CLANG_CXX_LIBRARY = "libc++";
				CLANG_ENABLE_MODULES = YES;
				CLANG_ENABLE_OBJC_ARC = YES;
				CLANG_WARN_BLOCK_CAPTURE_AUTORELEASING = YES;
				CLANG_WARN_BOOL_CONVERSION = YES;
				CLANG_WARN_COMMA = YES;
				CLANG_WARN_CONSTANT_CONVERSION = YES;
				CLANG_WARN_DIRECT_OBJC_ISA_USAGE = YES_ERROR;
				CLANG_WARN_DOCUMENTATION_COMMENTS = YES;
				CLANG_WARN_EMPTY_BODY = YES;
				CLANG_WARN_ENUM_CONVERSION = YES;
				CLANG_WARN_INFINITE_RECURSION = YES;
				CLANG_WARN_INT_CONVERSION = YES;
				CLANG_WARN_NON_LITERAL_NULL_CONVERSION = YES;
				CLANG_WARN_OBJC_LITERAL_CONVERSION = YES;
				CLANG_WARN_OBJC_ROOT_CLASS = YES_ERROR;
				CLANG_WARN_RANGE_LOOP_ANALYSIS = YES;
				CLANG_WARN_STRICT_PROTOTYPES = YES;
				CLANG_WARN_SUSPICIOUS_MOVE = YES;
				CLANG_WARN_UNGUARDED_AVAILABILITY = YES_AGGRESSIVE;
				CLANG_WARN_UNREACHABLE_CODE = YES;
				CLANG_WARN__DUPLICATE_METHOD_MATCH = YES;
				CODE_SIGN_IDENTITY = "iPhone Developer";
				COPY_PHASE_STRIP = NO;
				DEBUG_INFORMATION_FORMAT = dwarf;
				ENABLE_STRICT_OBJC_MSGSEND = YES;
				ENABLE_TESTABILITY = YES;
				GCC_C_LANGUAGE_STANDARD = gnu11;
				GCC_DYNAMIC_NO_PIC = NO;
				GCC_NO_COMMON_BLOCKS = YES;
				GCC_OPTIMIZATION_LEVEL = 0;
				GCC_PREPROCESSOR_DEFINITIONS = (
					"DEBUG=1",
					"$(inherited)",
				);
				GCC_WARN_64_TO_32_BIT_CONVERSION = YES;
				GCC_WARN_ABOUT_RETURN_TYPE = YES_ERROR;
				GCC_WARN_UNDECLARED_SELECTOR = YES;
				GCC_WARN_UNINITIALIZED_AUTOS = YES_AGGRESSIVE;
				GCC_WARN_UNUSED_FUNCTION = YES;
				GCC_WARN_UNUSED_VARIABLE = YES;
				IPHONEOS_DEPLOYMENT_TARGET = 11.2;
				MTL_ENABLE_DEBUG_INFO = YES;
				ONLY_ACTIVE_ARCH = YES;
				SDKROOT = iphoneos;
				SWIFT_ACTIVE_COMPILATION_CONDITIONS = DEBUG;
				SWIFT_OPTIMIZATION_LEVEL = "-Onone";
			};
			name = Debug;
		};
		14D6B25A206C8FF90045D08F /* Release */ = {
			isa = XCBuildConfiguration;
			buildSettings = {
				ALWAYS_SEARCH_USER_PATHS = NO;
				CLANG_ANALYZER_NONNULL = YES;
				CLANG_ANALYZER_NUMBER_OBJECT_CONVERSION = YES_AGGRESSIVE;
				CLANG_CXX_LANGUAGE_STANDARD = "gnu++14";
				CLANG_CXX_LIBRARY = "libc++";
				CLANG_ENABLE_MODULES = YES;
				CLANG_ENABLE_OBJC_ARC = YES;
				CLANG_WARN_BLOCK_CAPTURE_AUTORELEASING = YES;
				CLANG_WARN_BOOL_CONVERSION = YES;
				CLANG_WARN_COMMA = YES;
				CLANG_WARN_CONSTANT_CONVERSION = YES;
				CLANG_WARN_DIRECT_OBJC_ISA_USAGE = YES_ERROR;
				CLANG_WARN_DOCUMENTATION_COMMENTS = YES;
				CLANG_WARN_EMPTY_BODY = YES;
				CLANG_WARN_ENUM_CONVERSION = YES;
				CLANG_WARN_INFINITE_RECURSION = YES;
				CLANG_WARN_INT_CONVERSION = YES;
				CLANG_WARN_NON_LITERAL_NULL_CONVERSION = YES;
				CLANG_WARN_OBJC_LITERAL_CONVERSION = YES;
				CLANG_WARN_OBJC_ROOT_CLASS = YES_ERROR;
				CLANG_WARN_RANGE_LOOP_ANALYSIS = YES;
				CLANG_WARN_STRICT_PROTOTYPES = YES;
				CLANG_WARN_SUSPICIOUS_MOVE = YES;
				CLANG_WARN_UNGUARDED_AVAILABILITY = YES_AGGRESSIVE;
				CLANG_WARN_UNREACHABLE_CODE = YES;
				CLANG_WARN__DUPLICATE_METHOD_MATCH = YES;
				CODE_SIGN_IDENTITY = "iPhone Developer";
				COPY_PHASE_STRIP = NO;
				DEBUG_INFORMATION_FORMAT = "dwarf-with-dsym";
				ENABLE_NS_ASSERTIONS = NO;
				ENABLE_STRICT_OBJC_MSGSEND = YES;
				GCC_C_LANGUAGE_STANDARD = gnu11;
				GCC_NO_COMMON_BLOCKS = YES;
				GCC_WARN_64_TO_32_BIT_CONVERSION = YES;
				GCC_WARN_ABOUT_RETURN_TYPE = YES_ERROR;
				GCC_WARN_UNDECLARED_SELECTOR = YES;
				GCC_WARN_UNINITIALIZED_AUTOS = YES_AGGRESSIVE;
				GCC_WARN_UNUSED_FUNCTION = YES;
				GCC_WARN_UNUSED_VARIABLE = YES;
				IPHONEOS_DEPLOYMENT_TARGET = 11.2;
				MTL_ENABLE_DEBUG_INFO = NO;
				SDKROOT = iphoneos;
				SWIFT_OPTIMIZATION_LEVEL = "-Owholemodule";
				VALIDATE_PRODUCT = YES;
			};
			name = Release;
		};
		14D6B25C206C8FF90045D08F /* Debug */ = {
			isa = XCBuildConfiguration;
			buildSettings = {
				ASSETCATALOG_COMPILER_APPICON_NAME = AppIcon;
				CODE_SIGN_STYLE = Automatic;
				DEVELOPMENT_TEAM = 3C8CYW7DN6;
				INFOPLIST_FILE = CoreDataCompanies/Info.plist;
				LD_RUNPATH_SEARCH_PATHS = "$(inherited) @executable_path/Frameworks";
				PRODUCT_BUNDLE_IDENTIFIER = seanlin.CoreDataCompanies;
				PRODUCT_NAME = "$(TARGET_NAME)";
				SWIFT_VERSION = 4.0;
				TARGETED_DEVICE_FAMILY = "1,2";
			};
			name = Debug;
		};
		14D6B25D206C8FF90045D08F /* Release */ = {
			isa = XCBuildConfiguration;
			buildSettings = {
				ASSETCATALOG_COMPILER_APPICON_NAME = AppIcon;
				CODE_SIGN_STYLE = Automatic;
				DEVELOPMENT_TEAM = 3C8CYW7DN6;
				INFOPLIST_FILE = CoreDataCompanies/Info.plist;
				LD_RUNPATH_SEARCH_PATHS = "$(inherited) @executable_path/Frameworks";
				PRODUCT_BUNDLE_IDENTIFIER = seanlin.CoreDataCompanies;
				PRODUCT_NAME = "$(TARGET_NAME)";
				SWIFT_VERSION = 4.0;
				TARGETED_DEVICE_FAMILY = "1,2";
			};
			name = Release;
		};
/* End XCBuildConfiguration section */

/* Begin XCConfigurationList section */
		14D6B244206C8FF80045D08F /* Build configuration list for PBXProject "CoreDataCompanies" */ = {
			isa = XCConfigurationList;
			buildConfigurations = (
				14D6B259206C8FF90045D08F /* Debug */,
				14D6B25A206C8FF90045D08F /* Release */,
			);
			defaultConfigurationIsVisible = 0;
			defaultConfigurationName = Release;
		};
		14D6B25B206C8FF90045D08F /* Build configuration list for PBXNativeTarget "CoreDataCompanies" */ = {
			isa = XCConfigurationList;
			buildConfigurations = (
				14D6B25C206C8FF90045D08F /* Debug */,
				14D6B25D206C8FF90045D08F /* Release */,
			);
			defaultConfigurationIsVisible = 0;
			defaultConfigurationName = Release;
		};
/* End XCConfigurationList section */

/* Begin XCVersionGroup section */
		1495BFD4206F397000F72BC3 /* DataModel.xcdatamodeld */ = {
			isa = XCVersionGroup;
			children = (
				1495BFD5206F397000F72BC3 /* DataModel.xcdatamodel */,
			);
			currentVersion = 1495BFD5206F397000F72BC3 /* DataModel.xcdatamodel */;
			path = DataModel.xcdatamodeld;
			sourceTree = "<group>";
			versionGroupType = wrapper.xcdatamodel;
		};
/* End XCVersionGroup section */
	};
	rootObject = 14D6B241206C8FF80045D08F /* Project object */;
}
